
Microsoft Visual Studio Solution File, Format Version 12.00
# Visual Studio Version 17
VisualStudioVersion = 17.8.34525.116
MinimumVisualStudioVersion = 10.0.40219.1
Project("{9A19103F-16F7-4668-BE54-9A1E7A4F7556}") = "Mingmoe.Tiled", "Mingmoe.Tiled\Mingmoe.Tiled.csproj", "{66979D5C-054E-405D-B8A1-BE8D9A8AE4D7}"
EndProject
Project("{FAE04EC0-301F-11D3-BF4B-00C04F79EFBC}") = "Mingmoe.Tiled.Sample", "Mingmoe.Tiled.Sample\Mingmoe.Tiled.Sample.csproj", "{A77B012D-21AE-455E-A2FC-77AD8EE62D56}"
EndProject
Global
	GlobalSection(SolutionConfigurationPlatforms) = preSolution
		Debug|Any CPU = Debug|Any CPU
		Release|Any CPU = Release|Any CPU
	EndGlobalSection
	GlobalSection(ProjectConfigurationPlatforms) = postSolution
		{66979D5C-054E-405D-B8A1-BE8D9A8AE4D7}.Debug|Any CPU.ActiveCfg = Debug|Any CPU
		{66979D5C-054E-405D-B8A1-BE8D9A8AE4D7}.Debug|Any CPU.Build.0 = Debug|Any CPU
		{66979D5C-054E-405D-B8A1-BE8D9A8AE4D7}.Release|Any CPU.ActiveCfg = Release|Any CPU
		{66979D5C-054E-405D-B8A1-BE8D9A8AE4D7}.Release|Any CPU.Build.0 = Release|Any CPU
		{A77B012D-21AE-455E-A2FC-77AD8EE62D56}.Debug|Any CPU.ActiveCfg = Debug|Any CPU
		{A77B012D-21AE-455E-A2FC-77AD8EE62D56}.Debug|Any CPU.Build.0 = Debug|Any CPU
		{A77B012D-21AE-455E-A2FC-77AD8EE62D56}.Release|Any CPU.ActiveCfg = Release|Any CPU
		{A77B012D-21AE-455E-A2FC-77AD8EE62D56}.Release|Any CPU.Build.0 = Release|Any CPU
	EndGlobalSection
	GlobalSection(SolutionProperties) = preSolution
		HideSolutionNode = FALSE
	EndGlobalSection
	GlobalSection(ExtensibilityGlobals) = postSolution
		SolutionGuid = {73555E32-086A-4158-B18F-95159A136B16}
	EndGlobalSection
EndGlobal
